
Microsoft Visual Studio Solution File, Format Version 12.00
# Visual Studio Version 16
VisualStudioVersion = 16.0.30517.126
MinimumVisualStudioVersion = 10.0.40219.1
Project("{9A19103F-16F7-4668-BE54-9A1E7A4F7556}") = "StringCalculator", "StringCalculator\StringCalculator.csproj", "{D576355B-F613-4F6E-B607-896B6CAC05C8}"
EndProject
Project("{FAE04EC0-301F-11D3-BF4B-00C04F79EFBC}") = "StringCalculator.Tests", "StringCalculator.Tests\StringCalculator.Tests.csproj", "{E5BDFA9F-BBD1-45F7-B6A5-BB2633D450CD}"
EndProject
Project("{2150E333-8FDC-42A3-9474-1A3956D46DE8}") = "SolutionItems", "SolutionItems", "{D756079E-BD25-49E8-BB49-ACA67EB08194}"
	ProjectSection(SolutionItems) = preProject
		..\README.md = ..\README.md
	EndProjectSection
EndProject
Global
	GlobalSection(SolutionConfigurationPlatforms) = preSolution
		Debug|Any CPU = Debug|Any CPU
		Release|Any CPU = Release|Any CPU
	EndGlobalSection
	GlobalSection(ProjectConfigurationPlatforms) = postSolution
		{D576355B-F613-4F6E-B607-896B6CAC05C8}.Debug|Any CPU.ActiveCfg = Debug|Any CPU
		{D576355B-F613-4F6E-B607-896B6CAC05C8}.Debug|Any CPU.Build.0 = Debug|Any CPU
		{D576355B-F613-4F6E-B607-896B6CAC05C8}.Release|Any CPU.ActiveCfg = Release|Any CPU
		{D576355B-F613-4F6E-B607-896B6CAC05C8}.Release|Any CPU.Build.0 = Release|Any CPU
		{E5BDFA9F-BBD1-45F7-B6A5-BB2633D450CD}.Debug|Any CPU.ActiveCfg = Debug|Any CPU
		{E5BDFA9F-BBD1-45F7-B6A5-BB2633D450CD}.Debug|Any CPU.Build.0 = Debug|Any CPU
		{E5BDFA9F-BBD1-45F7-B6A5-BB2633D450CD}.Release|Any CPU.ActiveCfg = Release|Any CPU
		{E5BDFA9F-BBD1-45F7-B6A5-BB2633D450CD}.Release|Any CPU.Build.0 = Release|Any CPU
	EndGlobalSection
	GlobalSection(SolutionProperties) = preSolution
		HideSolutionNode = FALSE
	EndGlobalSection
	GlobalSection(ExtensibilityGlobals) = postSolution
		SolutionGuid = {37D96989-B2F8-43B6-A9EA-EC2157D68C7D}
	EndGlobalSection
EndGlobal
